// !$*UTF8*$!
{
	archiveVersion = 1;
	classes = {
	};
	objectVersion = 50;
	objects = {

/* Begin PBXBuildFile section */
		147BFE5126C3B3FB00CA6E0D /* Gravicon-Display.ttf in Resources */ = {isa = PBXBuildFile; fileRef = 147BFE4B26C3B3FA00CA6E0D /* Gravicon-Display.ttf */; };
		147BFE5226C3B3FB00CA6E0D /* SFProDisplay-Thin.ttf in Resources */ = {isa = PBXBuildFile; fileRef = 147BFE4C26C3B3FA00CA6E0D /* SFProDisplay-Thin.ttf */; };
		147BFE5326C3B3FB00CA6E0D /* SFProDisplay-Semibold.ttf in Resources */ = {isa = PBXBuildFile; fileRef = 147BFE4D26C3B3FB00CA6E0D /* SFProDisplay-Semibold.ttf */; };
		147BFE5426C3B3FB00CA6E0D /* SFProDisplay-Ultralight.ttf in Resources */ = {isa = PBXBuildFile; fileRef = 147BFE4E26C3B3FB00CA6E0D /* SFProDisplay-Ultralight.ttf */; };
		147BFE5526C3B3FB00CA6E0D /* SFProDisplay-Regular.ttf in Resources */ = {isa = PBXBuildFile; fileRef = 147BFE4F26C3B3FB00CA6E0D /* SFProDisplay-Regular.ttf */; };
		147BFE5626C3B3FB00CA6E0D /* SFProDisplay-Black.ttf in Resources */ = {isa = PBXBuildFile; fileRef = 147BFE5026C3B3FB00CA6E0D /* SFProDisplay-Black.ttf */; };
		147BFE5826C3B82600CA6E0D /* LogoView.swift in Sources */ = {isa = PBXBuildFile; fileRef = 147BFE5726C3B82600CA6E0D /* LogoView.swift */; };
		148C24FA26CB772500449D52 /* TabBarView.swift in Sources */ = {isa = PBXBuildFile; fileRef = 148C24F926CB772500449D52 /* TabBarView.swift */; };
		148C24FE26CB77B200449D52 /* HomeView.swift in Sources */ = {isa = PBXBuildFile; fileRef = 148C24FD26CB77B200449D52 /* HomeView.swift */; };
		148C250226CB781E00449D52 /* ProfileView.swift in Sources */ = {isa = PBXBuildFile; fileRef = 148C250126CB781E00449D52 /* ProfileView.swift */; };
		148C250426CB831700449D52 /* TabItems.swift in Sources */ = {isa = PBXBuildFile; fileRef = 148C250326CB831700449D52 /* TabItems.swift */; };
		148C250626CB886D00449D52 /* UserDataManager.swift in Sources */ = {isa = PBXBuildFile; fileRef = 148C250526CB886D00449D52 /* UserDataManager.swift */; };
		14B1C68526C3A0370080139E /* ConnectApp.swift in Sources */ = {isa = PBXBuildFile; fileRef = 14B1C68426C3A0370080139E /* ConnectApp.swift */; };
		14B1C68926C3A0390080139E /* Assets.xcassets in Resources */ = {isa = PBXBuildFile; fileRef = 14B1C68826C3A0390080139E /* Assets.xcassets */; };
		14B1C68C26C3A0390080139E /* Preview Assets.xcassets in Resources */ = {isa = PBXBuildFile; fileRef = 14B1C68B26C3A0390080139E /* Preview Assets.xcassets */; };
		14B1C69726C3A0390080139E /* ConnectTests.swift in Sources */ = {isa = PBXBuildFile; fileRef = 14B1C69626C3A0390080139E /* ConnectTests.swift */; };
		14B1C6A226C3A0390080139E /* ConnectUITests.swift in Sources */ = {isa = PBXBuildFile; fileRef = 14B1C6A126C3A0390080139E /* ConnectUITests.swift */; };
		14B1C6B026C3A08D0080139E /* WelcomePage.swift in Sources */ = {isa = PBXBuildFile; fileRef = 14B1C6AF26C3A08D0080139E /* WelcomePage.swift */; };
		14B1C6C026C3A9D80080139E /* Colors.swift in Sources */ = {isa = PBXBuildFile; fileRef = 14B1C6BF26C3A9D80080139E /* Colors.swift */; };
		14B1C6C226C3A9F10080139E /* Fonts.swift in Sources */ = {isa = PBXBuildFile; fileRef = 14B1C6C126C3A9F10080139E /* Fonts.swift */; };
		14BA164F26D8F63300867C73 /* WebView.swift in Sources */ = {isa = PBXBuildFile; fileRef = 14BA164E26D8F63300867C73 /* WebView.swift */; };
		14C8952426C55C6B002725C7 /* View+Extensions.swift in Sources */ = {isa = PBXBuildFile; fileRef = 14C8952326C55C6B002725C7 /* View+Extensions.swift */; };
		14C8952626C55D6B002725C7 /* BorderedButton.swift in Sources */ = {isa = PBXBuildFile; fileRef = 14C8952526C55D6B002725C7 /* BorderedButton.swift */; };
		14C8952826C569DE002725C7 /* Spacing.swift in Sources */ = {isa = PBXBuildFile; fileRef = 14C8952726C569DE002725C7 /* Spacing.swift */; };
		14C8952A26C56D63002725C7 /* FilledButton.swift in Sources */ = {isa = PBXBuildFile; fileRef = 14C8952926C56D63002725C7 /* FilledButton.swift */; };
		14C8953026C56EA9002725C7 /* LoginView.swift in Sources */ = {isa = PBXBuildFile; fileRef = 14C8952F26C56EA9002725C7 /* LoginView.swift */; };
		14C8953226C56F35002725C7 /* NavigationLinks.swift in Sources */ = {isa = PBXBuildFile; fileRef = 14C8953126C56F35002725C7 /* NavigationLinks.swift */; };
		14C8953426C5821A002725C7 /* TextFieldView.swift in Sources */ = {isa = PBXBuildFile; fileRef = 14C8953326C5821A002725C7 /* TextFieldView.swift */; };
		14C8953626C58389002725C7 /* TextFieldModifiers.swift in Sources */ = {isa = PBXBuildFile; fileRef = 14C8953526C58389002725C7 /* TextFieldModifiers.swift */; };
		14CDFC5426C675AA002CA858 /* Constants.swift in Sources */ = {isa = PBXBuildFile; fileRef = 14CDFC5326C675AA002CA858 /* Constants.swift */; };
		14CDFC5726C67E17002CA858 /* SignupView.swift in Sources */ = {isa = PBXBuildFile; fileRef = 14CDFC5626C67E17002CA858 /* SignupView.swift */; };
		14CDFC5A26C67E35002CA858 /* ForgotPasswordView.swift in Sources */ = {isa = PBXBuildFile; fileRef = 14CDFC5926C67E35002CA858 /* ForgotPasswordView.swift */; };
		14D0B41226CBEAE400F46021 /* PostRow.swift in Sources */ = {isa = PBXBuildFile; fileRef = 14D0B41126CBEAE400F46021 /* PostRow.swift */; };
		14D0B41526CBEF7300F46021 /* Post.swift in Sources */ = {isa = PBXBuildFile; fileRef = 14D0B41426CBEF7300F46021 /* Post.swift */; };
		14D0B41826CBFDFC00F46021 /* Mock.swift in Sources */ = {isa = PBXBuildFile; fileRef = 14D0B41726CBFDFC00F46021 /* Mock.swift */; };
		14D0B41C26CC024300F46021 /* CGFloat+Extensions.swift in Sources */ = {isa = PBXBuildFile; fileRef = 14D0B41B26CC024300F46021 /* CGFloat+Extensions.swift */; };
		14D0B41E26CC13E500F46021 /* User.swift in Sources */ = {isa = PBXBuildFile; fileRef = 14D0B41D26CC13E500F46021 /* User.swift */; };
		14D0B42226CC163500F46021 /* LightTextView.swift in Sources */ = {isa = PBXBuildFile; fileRef = 14D0B42126CC163500F46021 /* LightTextView.swift */; };
		14D0B42426CC165F00F46021 /* PostImageView.swift in Sources */ = {isa = PBXBuildFile; fileRef = 14D0B42326CC165F00F46021 /* PostImageView.swift */; };
		14D0B42626CC169100F46021 /* PostUserView.swift in Sources */ = {isa = PBXBuildFile; fileRef = 14D0B42526CC169100F46021 /* PostUserView.swift */; };
		14D0B42826CC191800F46021 /* HeartLikeView.swift in Sources */ = {isa = PBXBuildFile; fileRef = 14D0B42726CC191800F46021 /* HeartLikeView.swift */; };
		14E9A25326CCD424004650AF /* DarkTextView.swift in Sources */ = {isa = PBXBuildFile; fileRef = 14E9A25226CCD424004650AF /* DarkTextView.swift */; };
		14E9A25526CCDF56004650AF /* HomeViewModel.swift in Sources */ = {isa = PBXBuildFile; fileRef = 14E9A25426CCDF56004650AF /* HomeViewModel.swift */; };
		14E9A25926CD00CD004650AF /* CreatePost.swift in Sources */ = {isa = PBXBuildFile; fileRef = 14E9A25826CD00CD004650AF /* CreatePost.swift */; };
		14E9A25D26CD0CE3004650AF /* PhotoPicker.swift in Sources */ = {isa = PBXBuildFile; fileRef = 14E9A25C26CD0CE3004650AF /* PhotoPicker.swift */; };
		16D98FC51AE99E3C82E3C370 /* Pods_ConnectTests.framework in Frameworks */ = {isa = PBXBuildFile; fileRef = 19509F28C260910C596AC18B /* Pods_ConnectTests.framework */; };
		5796EC8604B16B8B911A34A6 /* Pods_Connect.framework in Frameworks */ = {isa = PBXBuildFile; fileRef = CC604A0183C83EE33D7F3CF3 /* Pods_Connect.framework */; };
		BB27BE726AB64369A979EED5 /* Pods_Connect_ConnectUITests.framework in Frameworks */ = {isa = PBXBuildFile; fileRef = 5E2A8C3C7420286546190C19 /* Pods_Connect_ConnectUITests.framework */; };
/* End PBXBuildFile section */

/* Begin PBXContainerItemProxy section */
		14B1C69326C3A0390080139E /* PBXContainerItemProxy */ = {
			isa = PBXContainerItemProxy;
			containerPortal = 14B1C67926C3A0370080139E /* Project object */;
			proxyType = 1;
			remoteGlobalIDString = 14B1C68026C3A0370080139E;
			remoteInfo = Connect;
		};
		14B1C69E26C3A0390080139E /* PBXContainerItemProxy */ = {
			isa = PBXContainerItemProxy;
			containerPortal = 14B1C67926C3A0370080139E /* Project object */;
			proxyType = 1;
			remoteGlobalIDString = 14B1C68026C3A0370080139E;
			remoteInfo = Connect;
		};
/* End PBXContainerItemProxy section */

/* Begin PBXFileReference section */
		147BFE4B26C3B3FA00CA6E0D /* Gravicon-Display.ttf */ = {isa = PBXFileReference; lastKnownFileType = file; path = "Gravicon-Display.ttf"; sourceTree = "<group>"; };
		147BFE4C26C3B3FA00CA6E0D /* SFProDisplay-Thin.ttf */ = {isa = PBXFileReference; lastKnownFileType = file; path = "SFProDisplay-Thin.ttf"; sourceTree = "<group>"; };
		147BFE4D26C3B3FB00CA6E0D /* SFProDisplay-Semibold.ttf */ = {isa = PBXFileReference; lastKnownFileType = file; path = "SFProDisplay-Semibold.ttf"; sourceTree = "<group>"; };
		147BFE4E26C3B3FB00CA6E0D /* SFProDisplay-Ultralight.ttf */ = {isa = PBXFileReference; lastKnownFileType = file; path = "SFProDisplay-Ultralight.ttf"; sourceTree = "<group>"; };
		147BFE4F26C3B3FB00CA6E0D /* SFProDisplay-Regular.ttf */ = {isa = PBXFileReference; lastKnownFileType = file; path = "SFProDisplay-Regular.ttf"; sourceTree = "<group>"; };
		147BFE5026C3B3FB00CA6E0D /* SFProDisplay-Black.ttf */ = {isa = PBXFileReference; lastKnownFileType = file; path = "SFProDisplay-Black.ttf"; sourceTree = "<group>"; };
		147BFE5726C3B82600CA6E0D /* LogoView.swift */ = {isa = PBXFileReference; lastKnownFileType = sourcecode.swift; path = LogoView.swift; sourceTree = "<group>"; };
		148C24F926CB772500449D52 /* TabBarView.swift */ = {isa = PBXFileReference; lastKnownFileType = sourcecode.swift; path = TabBarView.swift; sourceTree = "<group>"; };
		148C24FD26CB77B200449D52 /* HomeView.swift */ = {isa = PBXFileReference; lastKnownFileType = sourcecode.swift; path = HomeView.swift; sourceTree = "<group>"; };
		148C250126CB781E00449D52 /* ProfileView.swift */ = {isa = PBXFileReference; lastKnownFileType = sourcecode.swift; path = ProfileView.swift; sourceTree = "<group>"; };
		148C250326CB831700449D52 /* TabItems.swift */ = {isa = PBXFileReference; lastKnownFileType = sourcecode.swift; path = TabItems.swift; sourceTree = "<group>"; };
		148C250526CB886D00449D52 /* UserDataManager.swift */ = {isa = PBXFileReference; lastKnownFileType = sourcecode.swift; path = UserDataManager.swift; sourceTree = "<group>"; };
		14B1C68126C3A0370080139E /* Connect.app */ = {isa = PBXFileReference; explicitFileType = wrapper.application; includeInIndex = 0; path = Connect.app; sourceTree = BUILT_PRODUCTS_DIR; };
		14B1C68426C3A0370080139E /* ConnectApp.swift */ = {isa = PBXFileReference; lastKnownFileType = sourcecode.swift; path = ConnectApp.swift; sourceTree = "<group>"; };
		14B1C68826C3A0390080139E /* Assets.xcassets */ = {isa = PBXFileReference; lastKnownFileType = folder.assetcatalog; path = Assets.xcassets; sourceTree = "<group>"; };
		14B1C68B26C3A0390080139E /* Preview Assets.xcassets */ = {isa = PBXFileReference; lastKnownFileType = folder.assetcatalog; path = "Preview Assets.xcassets"; sourceTree = "<group>"; };
		14B1C68D26C3A0390080139E /* Info.plist */ = {isa = PBXFileReference; lastKnownFileType = text.plist.xml; path = Info.plist; sourceTree = "<group>"; };
		14B1C69226C3A0390080139E /* ConnectTests.xctest */ = {isa = PBXFileReference; explicitFileType = wrapper.cfbundle; includeInIndex = 0; path = ConnectTests.xctest; sourceTree = BUILT_PRODUCTS_DIR; };
		14B1C69626C3A0390080139E /* ConnectTests.swift */ = {isa = PBXFileReference; lastKnownFileType = sourcecode.swift; path = ConnectTests.swift; sourceTree = "<group>"; };
		14B1C69826C3A0390080139E /* Info.plist */ = {isa = PBXFileReference; lastKnownFileType = text.plist.xml; path = Info.plist; sourceTree = "<group>"; };
		14B1C69D26C3A0390080139E /* ConnectUITests.xctest */ = {isa = PBXFileReference; explicitFileType = wrapper.cfbundle; includeInIndex = 0; path = ConnectUITests.xctest; sourceTree = BUILT_PRODUCTS_DIR; };
		14B1C6A126C3A0390080139E /* ConnectUITests.swift */ = {isa = PBXFileReference; lastKnownFileType = sourcecode.swift; path = ConnectUITests.swift; sourceTree = "<group>"; };
		14B1C6A326C3A0390080139E /* Info.plist */ = {isa = PBXFileReference; lastKnownFileType = text.plist.xml; path = Info.plist; sourceTree = "<group>"; };
		14B1C6AF26C3A08D0080139E /* WelcomePage.swift */ = {isa = PBXFileReference; lastKnownFileType = sourcecode.swift; path = WelcomePage.swift; sourceTree = "<group>"; };
		14B1C6BF26C3A9D80080139E /* Colors.swift */ = {isa = PBXFileReference; lastKnownFileType = sourcecode.swift; path = Colors.swift; sourceTree = "<group>"; };
		14B1C6C126C3A9F10080139E /* Fonts.swift */ = {isa = PBXFileReference; lastKnownFileType = sourcecode.swift; path = Fonts.swift; sourceTree = "<group>"; };
		14BA164E26D8F63300867C73 /* WebView.swift */ = {isa = PBXFileReference; lastKnownFileType = sourcecode.swift; path = WebView.swift; sourceTree = "<group>"; };
		14C8952326C55C6B002725C7 /* View+Extensions.swift */ = {isa = PBXFileReference; lastKnownFileType = sourcecode.swift; path = "View+Extensions.swift"; sourceTree = "<group>"; };
		14C8952526C55D6B002725C7 /* BorderedButton.swift */ = {isa = PBXFileReference; lastKnownFileType = sourcecode.swift; path = BorderedButton.swift; sourceTree = "<group>"; };
		14C8952726C569DE002725C7 /* Spacing.swift */ = {isa = PBXFileReference; lastKnownFileType = sourcecode.swift; path = Spacing.swift; sourceTree = "<group>"; };
		14C8952926C56D63002725C7 /* FilledButton.swift */ = {isa = PBXFileReference; lastKnownFileType = sourcecode.swift; path = FilledButton.swift; sourceTree = "<group>"; };
		14C8952F26C56EA9002725C7 /* LoginView.swift */ = {isa = PBXFileReference; lastKnownFileType = sourcecode.swift; path = LoginView.swift; sourceTree = "<group>"; };
		14C8953126C56F35002725C7 /* NavigationLinks.swift */ = {isa = PBXFileReference; lastKnownFileType = sourcecode.swift; path = NavigationLinks.swift; sourceTree = "<group>"; };
		14C8953326C5821A002725C7 /* TextFieldView.swift */ = {isa = PBXFileReference; lastKnownFileType = sourcecode.swift; path = TextFieldView.swift; sourceTree = "<group>"; };
		14C8953526C58389002725C7 /* TextFieldModifiers.swift */ = {isa = PBXFileReference; lastKnownFileType = sourcecode.swift; path = TextFieldModifiers.swift; sourceTree = "<group>"; };
		14CDFC5326C675AA002CA858 /* Constants.swift */ = {isa = PBXFileReference; lastKnownFileType = sourcecode.swift; path = Constants.swift; sourceTree = "<group>"; };
		14CDFC5626C67E17002CA858 /* SignupView.swift */ = {isa = PBXFileReference; lastKnownFileType = sourcecode.swift; path = SignupView.swift; sourceTree = "<group>"; };
		14CDFC5926C67E35002CA858 /* ForgotPasswordView.swift */ = {isa = PBXFileReference; lastKnownFileType = sourcecode.swift; path = ForgotPasswordView.swift; sourceTree = "<group>"; };
		14D0B41126CBEAE400F46021 /* PostRow.swift */ = {isa = PBXFileReference; lastKnownFileType = sourcecode.swift; path = PostRow.swift; sourceTree = "<group>"; };
		14D0B41426CBEF7300F46021 /* Post.swift */ = {isa = PBXFileReference; lastKnownFileType = sourcecode.swift; path = Post.swift; sourceTree = "<group>"; };
		14D0B41726CBFDFC00F46021 /* Mock.swift */ = {isa = PBXFileReference; lastKnownFileType = sourcecode.swift; path = Mock.swift; sourceTree = "<group>"; };
		14D0B41B26CC024300F46021 /* CGFloat+Extensions.swift */ = {isa = PBXFileReference; lastKnownFileType = sourcecode.swift; path = "CGFloat+Extensions.swift"; sourceTree = "<group>"; };
		14D0B41D26CC13E500F46021 /* User.swift */ = {isa = PBXFileReference; lastKnownFileType = sourcecode.swift; path = User.swift; sourceTree = "<group>"; };
		14D0B42126CC163500F46021 /* LightTextView.swift */ = {isa = PBXFileReference; lastKnownFileType = sourcecode.swift; path = LightTextView.swift; sourceTree = "<group>"; };
		14D0B42326CC165F00F46021 /* PostImageView.swift */ = {isa = PBXFileReference; lastKnownFileType = sourcecode.swift; path = PostImageView.swift; sourceTree = "<group>"; };
		14D0B42526CC169100F46021 /* PostUserView.swift */ = {isa = PBXFileReference; lastKnownFileType = sourcecode.swift; path = PostUserView.swift; sourceTree = "<group>"; };
		14D0B42726CC191800F46021 /* HeartLikeView.swift */ = {isa = PBXFileReference; lastKnownFileType = sourcecode.swift; path = HeartLikeView.swift; sourceTree = "<group>"; };
		14E9A25226CCD424004650AF /* DarkTextView.swift */ = {isa = PBXFileReference; lastKnownFileType = sourcecode.swift; path = DarkTextView.swift; sourceTree = "<group>"; };
		14E9A25426CCDF56004650AF /* HomeViewModel.swift */ = {isa = PBXFileReference; lastKnownFileType = sourcecode.swift; path = HomeViewModel.swift; sourceTree = "<group>"; };
		14E9A25826CD00CD004650AF /* CreatePost.swift */ = {isa = PBXFileReference; lastKnownFileType = sourcecode.swift; path = CreatePost.swift; sourceTree = "<group>"; };
		14E9A25C26CD0CE3004650AF /* PhotoPicker.swift */ = {isa = PBXFileReference; lastKnownFileType = sourcecode.swift; path = PhotoPicker.swift; sourceTree = "<group>"; };
		19509F28C260910C596AC18B /* Pods_ConnectTests.framework */ = {isa = PBXFileReference; explicitFileType = wrapper.framework; includeInIndex = 0; path = Pods_ConnectTests.framework; sourceTree = BUILT_PRODUCTS_DIR; };
		1F7F8DFD7F24FC184B6FD6D1 /* Pods-Connect.release.xcconfig */ = {isa = PBXFileReference; includeInIndex = 1; lastKnownFileType = text.xcconfig; name = "Pods-Connect.release.xcconfig"; path = "Target Support Files/Pods-Connect/Pods-Connect.release.xcconfig"; sourceTree = "<group>"; };
		42ECE6F8A8E33B3C58CC1810 /* Pods-ConnectTests.release.xcconfig */ = {isa = PBXFileReference; includeInIndex = 1; lastKnownFileType = text.xcconfig; name = "Pods-ConnectTests.release.xcconfig"; path = "Target Support Files/Pods-ConnectTests/Pods-ConnectTests.release.xcconfig"; sourceTree = "<group>"; };
		47238BB355D683D83AA1F42C /* Pods-Connect.debug.xcconfig */ = {isa = PBXFileReference; includeInIndex = 1; lastKnownFileType = text.xcconfig; name = "Pods-Connect.debug.xcconfig"; path = "Target Support Files/Pods-Connect/Pods-Connect.debug.xcconfig"; sourceTree = "<group>"; };
		5CF674DD6EB5B24AD0421EA9 /* Pods-Connect-ConnectUITests.debug.xcconfig */ = {isa = PBXFileReference; includeInIndex = 1; lastKnownFileType = text.xcconfig; name = "Pods-Connect-ConnectUITests.debug.xcconfig"; path = "Target Support Files/Pods-Connect-ConnectUITests/Pods-Connect-ConnectUITests.debug.xcconfig"; sourceTree = "<group>"; };
		5E2A8C3C7420286546190C19 /* Pods_Connect_ConnectUITests.framework */ = {isa = PBXFileReference; explicitFileType = wrapper.framework; includeInIndex = 0; path = Pods_Connect_ConnectUITests.framework; sourceTree = BUILT_PRODUCTS_DIR; };
		8E685C40A4A6101B77D92A77 /* Pods-ConnectTests.debug.xcconfig */ = {isa = PBXFileReference; includeInIndex = 1; lastKnownFileType = text.xcconfig; name = "Pods-ConnectTests.debug.xcconfig"; path = "Target Support Files/Pods-ConnectTests/Pods-ConnectTests.debug.xcconfig"; sourceTree = "<group>"; };
		CC604A0183C83EE33D7F3CF3 /* Pods_Connect.framework */ = {isa = PBXFileReference; explicitFileType = wrapper.framework; includeInIndex = 0; path = Pods_Connect.framework; sourceTree = BUILT_PRODUCTS_DIR; };
		E8A02E31ACF0D86AE9D20696 /* Pods-Connect-ConnectUITests.release.xcconfig */ = {isa = PBXFileReference; includeInIndex = 1; lastKnownFileType = text.xcconfig; name = "Pods-Connect-ConnectUITests.release.xcconfig"; path = "Target Support Files/Pods-Connect-ConnectUITests/Pods-Connect-ConnectUITests.release.xcconfig"; sourceTree = "<group>"; };
/* End PBXFileReference section */

/* Begin PBXFrameworksBuildPhase section */
		14B1C67E26C3A0370080139E /* Frameworks */ = {
			isa = PBXFrameworksBuildPhase;
			buildActionMask = 2147483647;
			files = (
				5796EC8604B16B8B911A34A6 /* Pods_Connect.framework in Frameworks */,
			);
			runOnlyForDeploymentPostprocessing = 0;
		};
		14B1C68F26C3A0390080139E /* Frameworks */ = {
			isa = PBXFrameworksBuildPhase;
			buildActionMask = 2147483647;
			files = (
				16D98FC51AE99E3C82E3C370 /* Pods_ConnectTests.framework in Frameworks */,
			);
			runOnlyForDeploymentPostprocessing = 0;
		};
		14B1C69A26C3A0390080139E /* Frameworks */ = {
			isa = PBXFrameworksBuildPhase;
			buildActionMask = 2147483647;
			files = (
				BB27BE726AB64369A979EED5 /* Pods_Connect_ConnectUITests.framework in Frameworks */,
			);
			runOnlyForDeploymentPostprocessing = 0;
		};
/* End PBXFrameworksBuildPhase section */

/* Begin PBXGroup section */
		105E33DFC5DCA6A04ABC2518 /* Pods */ = {
			isa = PBXGroup;
			children = (
				47238BB355D683D83AA1F42C /* Pods-Connect.debug.xcconfig */,
				1F7F8DFD7F24FC184B6FD6D1 /* Pods-Connect.release.xcconfig */,
				5CF674DD6EB5B24AD0421EA9 /* Pods-Connect-ConnectUITests.debug.xcconfig */,
				E8A02E31ACF0D86AE9D20696 /* Pods-Connect-ConnectUITests.release.xcconfig */,
				8E685C40A4A6101B77D92A77 /* Pods-ConnectTests.debug.xcconfig */,
				42ECE6F8A8E33B3C58CC1810 /* Pods-ConnectTests.release.xcconfig */,
			);
			path = Pods;
			sourceTree = "<group>";
		};
		147BFE4A26C3B3DE00CA6E0D /* CustomFonts */ = {
			isa = PBXGroup;
			children = (
				147BFE4B26C3B3FA00CA6E0D /* Gravicon-Display.ttf */,
				147BFE5026C3B3FB00CA6E0D /* SFProDisplay-Black.ttf */,
				147BFE4F26C3B3FB00CA6E0D /* SFProDisplay-Regular.ttf */,
				147BFE4D26C3B3FB00CA6E0D /* SFProDisplay-Semibold.ttf */,
				147BFE4C26C3B3FA00CA6E0D /* SFProDisplay-Thin.ttf */,
				147BFE4E26C3B3FB00CA6E0D /* SFProDisplay-Ultralight.ttf */,
			);
			path = CustomFonts;
			sourceTree = "<group>";
		};
		148C24F826CB770500449D52 /* TabBarView */ = {
			isa = PBXGroup;
			children = (
				148C24F926CB772500449D52 /* TabBarView.swift */,
				148C250326CB831700449D52 /* TabItems.swift */,
			);
			path = TabBarView;
			sourceTree = "<group>";
		};
		148C24FB26CB778100449D52 /* AuthViews */ = {
			isa = PBXGroup;
			children = (
				14CDFC5826C67E26002CA858 /* ForgotPassword */,
				14CDFC5526C67E08002CA858 /* SignUp */,
				14C8952E26C56E96002725C7 /* Login */,
				14C8952D26C56E77002725C7 /* Welcome */,
			);
			path = AuthViews;
			sourceTree = "<group>";
		};
		148C24FC26CB779100449D52 /* MainViews */ = {
			isa = PBXGroup;
			children = (
				14E9A25B26CD0CD3004650AF /* PhotoPicker */,
				148C250026CB781100449D52 /* ProfileView */,
				148C24FF26CB780700449D52 /* HomeView */,
				14E9A25A26CD00D0004650AF /* CameraView */,
			);
			path = MainViews;
			sourceTree = "<group>";
		};
		148C24FF26CB780700449D52 /* HomeView */ = {
			isa = PBXGroup;
			children = (
				148C24FD26CB77B200449D52 /* HomeView.swift */,
				14E9A25426CCDF56004650AF /* HomeViewModel.swift */,
			);
			path = HomeView;
			sourceTree = "<group>";
		};
		148C250026CB781100449D52 /* ProfileView */ = {
			isa = PBXGroup;
			children = (
				148C250126CB781E00449D52 /* ProfileView.swift */,
			);
			path = ProfileView;
			sourceTree = "<group>";
		};
		14B1C67826C3A0370080139E = {
			isa = PBXGroup;
			children = (
				14B1C68326C3A0370080139E /* Connect */,
				14B1C69526C3A0390080139E /* ConnectTests */,
				14B1C6A026C3A0390080139E /* ConnectUITests */,
				14B1C68226C3A0370080139E /* Products */,
				105E33DFC5DCA6A04ABC2518 /* Pods */,
				278C0356F7298189770394E2 /* Frameworks */,
			);
			sourceTree = "<group>";
		};
		14B1C68226C3A0370080139E /* Products */ = {
			isa = PBXGroup;
			children = (
				14B1C68126C3A0370080139E /* Connect.app */,
				14B1C69226C3A0390080139E /* ConnectTests.xctest */,
				14B1C69D26C3A0390080139E /* ConnectUITests.xctest */,
			);
			name = Products;
			sourceTree = "<group>";
		};
		14B1C68326C3A0370080139E /* Connect */ = {
			isa = PBXGroup;
			children = (
				14D0B41626CBFDEE00F46021 /* Mock */,
				14D0B41326CBEF6200F46021 /* Models */,
				14B1C6BE26C3A9CB0080139E /* Extensions */,
				14B1C6B426C3A53E0080139E /* Resources */,
				14B1C6B126C3A2690080139E /* Utils */,
				14C8952226C55972002725C7 /* Views */,
				14C8952B26C56E5A002725C7 /* Controllers */,
				14B1C68826C3A0390080139E /* Assets.xcassets */,
				14B1C68D26C3A0390080139E /* Info.plist */,
				14B1C68A26C3A0390080139E /* Preview Content */,
			);
			path = Connect;
			sourceTree = "<group>";
		};
		14B1C68A26C3A0390080139E /* Preview Content */ = {
			isa = PBXGroup;
			children = (
				14B1C68B26C3A0390080139E /* Preview Assets.xcassets */,
			);
			path = "Preview Content";
			sourceTree = "<group>";
		};
		14B1C69526C3A0390080139E /* ConnectTests */ = {
			isa = PBXGroup;
			children = (
				14B1C69626C3A0390080139E /* ConnectTests.swift */,
				14B1C69826C3A0390080139E /* Info.plist */,
			);
			path = ConnectTests;
			sourceTree = "<group>";
		};
		14B1C6A026C3A0390080139E /* ConnectUITests */ = {
			isa = PBXGroup;
			children = (
				14B1C6A126C3A0390080139E /* ConnectUITests.swift */,
				14B1C6A326C3A0390080139E /* Info.plist */,
			);
			path = ConnectUITests;
			sourceTree = "<group>";
		};
		14B1C6B126C3A2690080139E /* Utils */ = {
			isa = PBXGroup;
			children = (
				14C8952726C569DE002725C7 /* Spacing.swift */,
				14C8953126C56F35002725C7 /* NavigationLinks.swift */,
				14C8953526C58389002725C7 /* TextFieldModifiers.swift */,
				14CDFC5326C675AA002CA858 /* Constants.swift */,
				148C250526CB886D00449D52 /* UserDataManager.swift */,
				14BA164E26D8F63300867C73 /* WebView.swift */,
			);
			path = Utils;
			sourceTree = "<group>";
		};
		14B1C6B426C3A53E0080139E /* Resources */ = {
			isa = PBXGroup;
			children = (
				147BFE4A26C3B3DE00CA6E0D /* CustomFonts */,
			);
			path = Resources;
			sourceTree = "<group>";
		};
		14B1C6BE26C3A9CB0080139E /* Extensions */ = {
			isa = PBXGroup;
			children = (
				14B1C6BF26C3A9D80080139E /* Colors.swift */,
				14B1C6C126C3A9F10080139E /* Fonts.swift */,
				14C8952326C55C6B002725C7 /* View+Extensions.swift */,
				14D0B41B26CC024300F46021 /* CGFloat+Extensions.swift */,
			);
			path = Extensions;
			sourceTree = "<group>";
		};
		14C8952226C55972002725C7 /* Views */ = {
			isa = PBXGroup;
			children = (
				147BFE5726C3B82600CA6E0D /* LogoView.swift */,
				14C8952526C55D6B002725C7 /* BorderedButton.swift */,
				14C8952926C56D63002725C7 /* FilledButton.swift */,
				14C8953326C5821A002725C7 /* TextFieldView.swift */,
				14D0B41126CBEAE400F46021 /* PostRow.swift */,
				14E9A25226CCD424004650AF /* DarkTextView.swift */,
				14D0B42126CC163500F46021 /* LightTextView.swift */,
				14D0B42326CC165F00F46021 /* PostImageView.swift */,
				14D0B42526CC169100F46021 /* PostUserView.swift */,
				14D0B42726CC191800F46021 /* HeartLikeView.swift */,
			);
			path = Views;
			sourceTree = "<group>";
		};
		14C8952B26C56E5A002725C7 /* Controllers */ = {
			isa = PBXGroup;
			children = (
				148C24FC26CB779100449D52 /* MainViews */,
				148C24FB26CB778100449D52 /* AuthViews */,
				148C24F826CB770500449D52 /* TabBarView */,
				14C8952C26C56E66002725C7 /* Common */,
			);
			path = Controllers;
			sourceTree = "<group>";
		};
		14C8952C26C56E66002725C7 /* Common */ = {
			isa = PBXGroup;
			children = (
				14B1C68426C3A0370080139E /* ConnectApp.swift */,
			);
			path = Common;
			sourceTree = "<group>";
		};
		14C8952D26C56E77002725C7 /* Welcome */ = {
			isa = PBXGroup;
			children = (
				14B1C6AF26C3A08D0080139E /* WelcomePage.swift */,
			);
			path = Welcome;
			sourceTree = "<group>";
		};
		14C8952E26C56E96002725C7 /* Login */ = {
			isa = PBXGroup;
			children = (
				14C8952F26C56EA9002725C7 /* LoginView.swift */,
			);
			path = Login;
			sourceTree = "<group>";
		};
		14CDFC5526C67E08002CA858 /* SignUp */ = {
			isa = PBXGroup;
			children = (
				14CDFC5626C67E17002CA858 /* SignupView.swift */,
			);
			path = SignUp;
			sourceTree = "<group>";
		};
		14CDFC5826C67E26002CA858 /* ForgotPassword */ = {
			isa = PBXGroup;
			children = (
				14CDFC5926C67E35002CA858 /* ForgotPasswordView.swift */,
			);
			path = ForgotPassword;
			sourceTree = "<group>";
		};
		14D0B41326CBEF6200F46021 /* Models */ = {
			isa = PBXGroup;
			children = (
				14D0B41426CBEF7300F46021 /* Post.swift */,
				14D0B41D26CC13E500F46021 /* User.swift */,
			);
			path = Models;
			sourceTree = "<group>";
		};
		14D0B41626CBFDEE00F46021 /* Mock */ = {
			isa = PBXGroup;
			children = (
				14D0B41726CBFDFC00F46021 /* Mock.swift */,
			);
			path = Mock;
			sourceTree = "<group>";
		};
		14E9A25A26CD00D0004650AF /* CameraView */ = {
			isa = PBXGroup;
			children = (
				14E9A25826CD00CD004650AF /* CreatePost.swift */,
			);
			path = CameraView;
			sourceTree = "<group>";
		};
		14E9A25B26CD0CD3004650AF /* PhotoPicker */ = {
			isa = PBXGroup;
			children = (
				14E9A25C26CD0CE3004650AF /* PhotoPicker.swift */,
			);
			path = PhotoPicker;
			sourceTree = "<group>";
		};
		278C0356F7298189770394E2 /* Frameworks */ = {
			isa = PBXGroup;
			children = (
				CC604A0183C83EE33D7F3CF3 /* Pods_Connect.framework */,
				5E2A8C3C7420286546190C19 /* Pods_Connect_ConnectUITests.framework */,
				19509F28C260910C596AC18B /* Pods_ConnectTests.framework */,
			);
			name = Frameworks;
			sourceTree = "<group>";
		};
/* End PBXGroup section */

/* Begin PBXNativeTarget section */
		14B1C68026C3A0370080139E /* Connect */ = {
			isa = PBXNativeTarget;
			buildConfigurationList = 14B1C6A626C3A0390080139E /* Build configuration list for PBXNativeTarget "Connect" */;
			buildPhases = (
				516FEC8387CBD0BB2247F98D /* [CP] Check Pods Manifest.lock */,
				14B1C67D26C3A0370080139E /* Sources */,
				14B1C67E26C3A0370080139E /* Frameworks */,
				14B1C67F26C3A0370080139E /* Resources */,
			);
			buildRules = (
			);
			dependencies = (
			);
			name = Connect;
			productName = Connect;
			productReference = 14B1C68126C3A0370080139E /* Connect.app */;
			productType = "com.apple.product-type.application";
		};
		14B1C69126C3A0390080139E /* ConnectTests */ = {
			isa = PBXNativeTarget;
			buildConfigurationList = 14B1C6A926C3A0390080139E /* Build configuration list for PBXNativeTarget "ConnectTests" */;
			buildPhases = (
				EF2CB2E3EE28878DB507FF0C /* [CP] Check Pods Manifest.lock */,
				14B1C68E26C3A0390080139E /* Sources */,
				14B1C68F26C3A0390080139E /* Frameworks */,
				14B1C69026C3A0390080139E /* Resources */,
			);
			buildRules = (
			);
			dependencies = (
				14B1C69426C3A0390080139E /* PBXTargetDependency */,
			);
			name = ConnectTests;
			productName = ConnectTests;
			productReference = 14B1C69226C3A0390080139E /* ConnectTests.xctest */;
			productType = "com.apple.product-type.bundle.unit-test";
		};
		14B1C69C26C3A0390080139E /* ConnectUITests */ = {
			isa = PBXNativeTarget;
			buildConfigurationList = 14B1C6AC26C3A0390080139E /* Build configuration list for PBXNativeTarget "ConnectUITests" */;
			buildPhases = (
				5A8D9CE463B9B3C97941A210 /* [CP] Check Pods Manifest.lock */,
				14B1C69926C3A0390080139E /* Sources */,
				14B1C69A26C3A0390080139E /* Frameworks */,
				14B1C69B26C3A0390080139E /* Resources */,
			);
			buildRules = (
			);
			dependencies = (
				14B1C69F26C3A0390080139E /* PBXTargetDependency */,
			);
			name = ConnectUITests;
			productName = ConnectUITests;
			productReference = 14B1C69D26C3A0390080139E /* ConnectUITests.xctest */;
			productType = "com.apple.product-type.bundle.ui-testing";
		};
/* End PBXNativeTarget section */

/* Begin PBXProject section */
		14B1C67926C3A0370080139E /* Project object */ = {
			isa = PBXProject;
			attributes = {
				LastSwiftUpdateCheck = 1250;
				LastUpgradeCheck = 1250;
				TargetAttributes = {
					14B1C68026C3A0370080139E = {
						CreatedOnToolsVersion = 12.5.1;
					};
					14B1C69126C3A0390080139E = {
						CreatedOnToolsVersion = 12.5.1;
						TestTargetID = 14B1C68026C3A0370080139E;
					};
					14B1C69C26C3A0390080139E = {
						CreatedOnToolsVersion = 12.5.1;
						TestTargetID = 14B1C68026C3A0370080139E;
					};
				};
			};
			buildConfigurationList = 14B1C67C26C3A0370080139E /* Build configuration list for PBXProject "Connect" */;
			compatibilityVersion = "Xcode 9.3";
			developmentRegion = en;
			hasScannedForEncodings = 0;
			knownRegions = (
				en,
				Base,
			);
			mainGroup = 14B1C67826C3A0370080139E;
			productRefGroup = 14B1C68226C3A0370080139E /* Products */;
			projectDirPath = "";
			projectRoot = "";
			targets = (
				14B1C68026C3A0370080139E /* Connect */,
				14B1C69126C3A0390080139E /* ConnectTests */,
				14B1C69C26C3A0390080139E /* ConnectUITests */,
			);
		};
/* End PBXProject section */

/* Begin PBXResourcesBuildPhase section */
		14B1C67F26C3A0370080139E /* Resources */ = {
			isa = PBXResourcesBuildPhase;
			buildActionMask = 2147483647;
			files = (
				14B1C68C26C3A0390080139E /* Preview Assets.xcassets in Resources */,
				147BFE5226C3B3FB00CA6E0D /* SFProDisplay-Thin.ttf in Resources */,
				147BFE5126C3B3FB00CA6E0D /* Gravicon-Display.ttf in Resources */,
				147BFE5526C3B3FB00CA6E0D /* SFProDisplay-Regular.ttf in Resources */,
				147BFE5626C3B3FB00CA6E0D /* SFProDisplay-Black.ttf in Resources */,
				147BFE5326C3B3FB00CA6E0D /* SFProDisplay-Semibold.ttf in Resources */,
				147BFE5426C3B3FB00CA6E0D /* SFProDisplay-Ultralight.ttf in Resources */,
				14B1C68926C3A0390080139E /* Assets.xcassets in Resources */,
			);
			runOnlyForDeploymentPostprocessing = 0;
		};
		14B1C69026C3A0390080139E /* Resources */ = {
			isa = PBXResourcesBuildPhase;
			buildActionMask = 2147483647;
			files = (
			);
			runOnlyForDeploymentPostprocessing = 0;
		};
		14B1C69B26C3A0390080139E /* Resources */ = {
			isa = PBXResourcesBuildPhase;
			buildActionMask = 2147483647;
			files = (
			);
			runOnlyForDeploymentPostprocessing = 0;
		};
/* End PBXResourcesBuildPhase section */

/* Begin PBXShellScriptBuildPhase section */
		516FEC8387CBD0BB2247F98D /* [CP] Check Pods Manifest.lock */ = {
			isa = PBXShellScriptBuildPhase;
			buildActionMask = 2147483647;
			files = (
			);
			inputFileListPaths = (
			);
			inputPaths = (
				"${PODS_PODFILE_DIR_PATH}/Podfile.lock",
				"${PODS_ROOT}/Manifest.lock",
			);
			name = "[CP] Check Pods Manifest.lock";
			outputFileListPaths = (
			);
			outputPaths = (
				"$(DERIVED_FILE_DIR)/Pods-Connect-checkManifestLockResult.txt",
			);
			runOnlyForDeploymentPostprocessing = 0;
			shellPath = /bin/sh;
			shellScript = "diff \"${PODS_PODFILE_DIR_PATH}/Podfile.lock\" \"${PODS_ROOT}/Manifest.lock\" > /dev/null\nif [ $? != 0 ] ; then\n    # print error to STDERR\n    echo \"error: The sandbox is not in sync with the Podfile.lock. Run 'pod install' or update your CocoaPods installation.\" >&2\n    exit 1\nfi\n# This output is used by Xcode 'outputs' to avoid re-running this script phase.\necho \"SUCCESS\" > \"${SCRIPT_OUTPUT_FILE_0}\"\n";
			showEnvVarsInLog = 0;
		};
		5A8D9CE463B9B3C97941A210 /* [CP] Check Pods Manifest.lock */ = {
			isa = PBXShellScriptBuildPhase;
			buildActionMask = 2147483647;
			files = (
			);
			inputFileListPaths = (
			);
			inputPaths = (
				"${PODS_PODFILE_DIR_PATH}/Podfile.lock",
				"${PODS_ROOT}/Manifest.lock",
			);
			name = "[CP] Check Pods Manifest.lock";
			outputFileListPaths = (
			);
			outputPaths = (
				"$(DERIVED_FILE_DIR)/Pods-Connect-ConnectUITests-checkManifestLockResult.txt",
			);
			runOnlyForDeploymentPostprocessing = 0;
			shellPath = /bin/sh;
			shellScript = "diff \"${PODS_PODFILE_DIR_PATH}/Podfile.lock\" \"${PODS_ROOT}/Manifest.lock\" > /dev/null\nif [ $? != 0 ] ; then\n    # print error to STDERR\n    echo \"error: The sandbox is not in sync with the Podfile.lock. Run 'pod install' or update your CocoaPods installation.\" >&2\n    exit 1\nfi\n# This output is used by Xcode 'outputs' to avoid re-running this script phase.\necho \"SUCCESS\" > \"${SCRIPT_OUTPUT_FILE_0}\"\n";
			showEnvVarsInLog = 0;
		};
		EF2CB2E3EE28878DB507FF0C /* [CP] Check Pods Manifest.lock */ = {
			isa = PBXShellScriptBuildPhase;
			buildActionMask = 2147483647;
			files = (
			);
			inputFileListPaths = (
			);
			inputPaths = (
				"${PODS_PODFILE_DIR_PATH}/Podfile.lock",
				"${PODS_ROOT}/Manifest.lock",
			);
			name = "[CP] Check Pods Manifest.lock";
			outputFileListPaths = (
			);
			outputPaths = (
				"$(DERIVED_FILE_DIR)/Pods-ConnectTests-checkManifestLockResult.txt",
			);
			runOnlyForDeploymentPostprocessing = 0;
			shellPath = /bin/sh;
			shellScript = "diff \"${PODS_PODFILE_DIR_PATH}/Podfile.lock\" \"${PODS_ROOT}/Manifest.lock\" > /dev/null\nif [ $? != 0 ] ; then\n    # print error to STDERR\n    echo \"error: The sandbox is not in sync with the Podfile.lock. Run 'pod install' or update your CocoaPods installation.\" >&2\n    exit 1\nfi\n# This output is used by Xcode 'outputs' to avoid re-running this script phase.\necho \"SUCCESS\" > \"${SCRIPT_OUTPUT_FILE_0}\"\n";
			showEnvVarsInLog = 0;
		};
/* End PBXShellScriptBuildPhase section */

/* Begin PBXSourcesBuildPhase section */
		14B1C67D26C3A0370080139E /* Sources */ = {
			isa = PBXSourcesBuildPhase;
			buildActionMask = 2147483647;
			files = (
				14D0B41E26CC13E500F46021 /* User.swift in Sources */,
				14D0B42226CC163500F46021 /* LightTextView.swift in Sources */,
				14C8953426C5821A002725C7 /* TextFieldView.swift in Sources */,
				14E9A25526CCDF56004650AF /* HomeViewModel.swift in Sources */,
				14B1C6C226C3A9F10080139E /* Fonts.swift in Sources */,
				14C8952A26C56D63002725C7 /* FilledButton.swift in Sources */,
				14CDFC5A26C67E35002CA858 /* ForgotPasswordView.swift in Sources */,
				14C8953226C56F35002725C7 /* NavigationLinks.swift in Sources */,
				147BFE5826C3B82600CA6E0D /* LogoView.swift in Sources */,
				14D0B41226CBEAE400F46021 /* PostRow.swift in Sources */,
				14CDFC5426C675AA002CA858 /* Constants.swift in Sources */,
				14C8952826C569DE002725C7 /* Spacing.swift in Sources */,
				14E9A25D26CD0CE3004650AF /* PhotoPicker.swift in Sources */,
				14D0B42826CC191800F46021 /* HeartLikeView.swift in Sources */,
				14C8952626C55D6B002725C7 /* BorderedButton.swift in Sources */,
				148C24FE26CB77B200449D52 /* HomeView.swift in Sources */,
				14E9A25326CCD424004650AF /* DarkTextView.swift in Sources */,
				14B1C6B026C3A08D0080139E /* WelcomePage.swift in Sources */,
				14D0B41526CBEF7300F46021 /* Post.swift in Sources */,
				14E9A25926CD00CD004650AF /* CreatePost.swift in Sources */,
				14BA164F26D8F63300867C73 /* WebView.swift in Sources */,
				14D0B41C26CC024300F46021 /* CGFloat+Extensions.swift in Sources */,
				148C24FA26CB772500449D52 /* TabBarView.swift in Sources */,
				14C8952426C55C6B002725C7 /* View+Extensions.swift in Sources */,
				14C8953626C58389002725C7 /* TextFieldModifiers.swift in Sources */,
				148C250626CB886D00449D52 /* UserDataManager.swift in Sources */,
				14D0B42626CC169100F46021 /* PostUserView.swift in Sources */,
				14CDFC5726C67E17002CA858 /* SignupView.swift in Sources */,
				14C8953026C56EA9002725C7 /* LoginView.swift in Sources */,
				14D0B42426CC165F00F46021 /* PostImageView.swift in Sources */,
				148C250226CB781E00449D52 /* ProfileView.swift in Sources */,
				14B1C6C026C3A9D80080139E /* Colors.swift in Sources */,
				148C250426CB831700449D52 /* TabItems.swift in Sources */,
				14B1C68526C3A0370080139E /* ConnectApp.swift in Sources */,
				14D0B41826CBFDFC00F46021 /* Mock.swift in Sources */,
			);
			runOnlyForDeploymentPostprocessing = 0;
		};
		14B1C68E26C3A0390080139E /* Sources */ = {
			isa = PBXSourcesBuildPhase;
			buildActionMask = 2147483647;
			files = (
				14B1C69726C3A0390080139E /* ConnectTests.swift in Sources */,
			);
			runOnlyForDeploymentPostprocessing = 0;
		};
		14B1C69926C3A0390080139E /* Sources */ = {
			isa = PBXSourcesBuildPhase;
			buildActionMask = 2147483647;
			files = (
				14B1C6A226C3A0390080139E /* ConnectUITests.swift in Sources */,
			);
			runOnlyForDeploymentPostprocessing = 0;
		};
/* End PBXSourcesBuildPhase section */

/* Begin PBXTargetDependency section */
		14B1C69426C3A0390080139E /* PBXTargetDependency */ = {
			isa = PBXTargetDependency;
			target = 14B1C68026C3A0370080139E /* Connect */;
			targetProxy = 14B1C69326C3A0390080139E /* PBXContainerItemProxy */;
		};
		14B1C69F26C3A0390080139E /* PBXTargetDependency */ = {
			isa = PBXTargetDependency;
			target = 14B1C68026C3A0370080139E /* Connect */;
			targetProxy = 14B1C69E26C3A0390080139E /* PBXContainerItemProxy */;
		};
/* End PBXTargetDependency section */

/* Begin XCBuildConfiguration section */
		14B1C6A426C3A0390080139E /* Debug */ = {
			isa = XCBuildConfiguration;
			buildSettings = {
				ALWAYS_SEARCH_USER_PATHS = NO;
				CLANG_ANALYZER_NONNULL = YES;
				CLANG_ANALYZER_NUMBER_OBJECT_CONVERSION = YES_AGGRESSIVE;
				CLANG_CXX_LANGUAGE_STANDARD = "gnu++14";
				CLANG_CXX_LIBRARY = "libc++";
				CLANG_ENABLE_MODULES = YES;
				CLANG_ENABLE_OBJC_ARC = YES;
				CLANG_ENABLE_OBJC_WEAK = YES;
				CLANG_WARN_BLOCK_CAPTURE_AUTORELEASING = YES;
				CLANG_WARN_BOOL_CONVERSION = YES;
				CLANG_WARN_COMMA = YES;
				CLANG_WARN_CONSTANT_CONVERSION = YES;
				CLANG_WARN_DEPRECATED_OBJC_IMPLEMENTATIONS = YES;
				CLANG_WARN_DIRECT_OBJC_ISA_USAGE = YES_ERROR;
				CLANG_WARN_DOCUMENTATION_COMMENTS = YES;
				CLANG_WARN_EMPTY_BODY = YES;
				CLANG_WARN_ENUM_CONVERSION = YES;
				CLANG_WARN_INFINITE_RECURSION = YES;
				CLANG_WARN_INT_CONVERSION = YES;
				CLANG_WARN_NON_LITERAL_NULL_CONVERSION = YES;
				CLANG_WARN_OBJC_IMPLICIT_RETAIN_SELF = YES;
				CLANG_WARN_OBJC_LITERAL_CONVERSION = YES;
				CLANG_WARN_OBJC_ROOT_CLASS = YES_ERROR;
				CLANG_WARN_QUOTED_INCLUDE_IN_FRAMEWORK_HEADER = YES;
				CLANG_WARN_RANGE_LOOP_ANALYSIS = YES;
				CLANG_WARN_STRICT_PROTOTYPES = YES;
				CLANG_WARN_SUSPICIOUS_MOVE = YES;
				CLANG_WARN_UNGUARDED_AVAILABILITY = YES_AGGRESSIVE;
				CLANG_WARN_UNREACHABLE_CODE = YES;
				CLANG_WARN__DUPLICATE_METHOD_MATCH = YES;
				COPY_PHASE_STRIP = NO;
				DEBUG_INFORMATION_FORMAT = dwarf;
				ENABLE_STRICT_OBJC_MSGSEND = YES;
				ENABLE_TESTABILITY = YES;
				GCC_C_LANGUAGE_STANDARD = gnu11;
				GCC_DYNAMIC_NO_PIC = NO;
				GCC_NO_COMMON_BLOCKS = YES;
				GCC_OPTIMIZATION_LEVEL = 0;
				GCC_PREPROCESSOR_DEFINITIONS = (
					"DEBUG=1",
					"$(inherited)",
				);
				GCC_WARN_64_TO_32_BIT_CONVERSION = YES;
				GCC_WARN_ABOUT_RETURN_TYPE = YES_ERROR;
				GCC_WARN_UNDECLARED_SELECTOR = YES;
				GCC_WARN_UNINITIALIZED_AUTOS = YES_AGGRESSIVE;
				GCC_WARN_UNUSED_FUNCTION = YES;
				GCC_WARN_UNUSED_VARIABLE = YES;
				IPHONEOS_DEPLOYMENT_TARGET = 14.5;
				MTL_ENABLE_DEBUG_INFO = INCLUDE_SOURCE;
				MTL_FAST_MATH = YES;
				ONLY_ACTIVE_ARCH = YES;
				SDKROOT = iphoneos;
				SWIFT_ACTIVE_COMPILATION_CONDITIONS = DEBUG;
				SWIFT_OPTIMIZATION_LEVEL = "-Onone";
			};
			name = Debug;
		};
		14B1C6A526C3A0390080139E /* Release */ = {
			isa = XCBuildConfiguration;
			buildSettings = {
				ALWAYS_SEARCH_USER_PATHS = NO;
				CLANG_ANALYZER_NONNULL = YES;
				CLANG_ANALYZER_NUMBER_OBJECT_CONVERSION = YES_AGGRESSIVE;
				CLANG_CXX_LANGUAGE_STANDARD = "gnu++14";
				CLANG_CXX_LIBRARY = "libc++";
				CLANG_ENABLE_MODULES = YES;
				CLANG_ENABLE_OBJC_ARC = YES;
				CLANG_ENABLE_OBJC_WEAK = YES;
				CLANG_WARN_BLOCK_CAPTURE_AUTORELEASING = YES;
				CLANG_WARN_BOOL_CONVERSION = YES;
				CLANG_WARN_COMMA = YES;
				CLANG_WARN_CONSTANT_CONVERSION = YES;
				CLANG_WARN_DEPRECATED_OBJC_IMPLEMENTATIONS = YES;
				CLANG_WARN_DIRECT_OBJC_ISA_USAGE = YES_ERROR;
				CLANG_WARN_DOCUMENTATION_COMMENTS = YES;
				CLANG_WARN_EMPTY_BODY = YES;
				CLANG_WARN_ENUM_CONVERSION = YES;
				CLANG_WARN_INFINITE_RECURSION = YES;
				CLANG_WARN_INT_CONVERSION = YES;
				CLANG_WARN_NON_LITERAL_NULL_CONVERSION = YES;
				CLANG_WARN_OBJC_IMPLICIT_RETAIN_SELF = YES;
				CLANG_WARN_OBJC_LITERAL_CONVERSION = YES;
				CLANG_WARN_OBJC_ROOT_CLASS = YES_ERROR;
				CLANG_WARN_QUOTED_INCLUDE_IN_FRAMEWORK_HEADER = YES;
				CLANG_WARN_RANGE_LOOP_ANALYSIS = YES;
				CLANG_WARN_STRICT_PROTOTYPES = YES;
				CLANG_WARN_SUSPICIOUS_MOVE = YES;
				CLANG_WARN_UNGUARDED_AVAILABILITY = YES_AGGRESSIVE;
				CLANG_WARN_UNREACHABLE_CODE = YES;
				CLANG_WARN__DUPLICATE_METHOD_MATCH = YES;
				COPY_PHASE_STRIP = NO;
				DEBUG_INFORMATION_FORMAT = "dwarf-with-dsym";
				ENABLE_NS_ASSERTIONS = NO;
				ENABLE_STRICT_OBJC_MSGSEND = YES;
				GCC_C_LANGUAGE_STANDARD = gnu11;
				GCC_NO_COMMON_BLOCKS = YES;
				GCC_WARN_64_TO_32_BIT_CONVERSION = YES;
				GCC_WARN_ABOUT_RETURN_TYPE = YES_ERROR;
				GCC_WARN_UNDECLARED_SELECTOR = YES;
				GCC_WARN_UNINITIALIZED_AUTOS = YES_AGGRESSIVE;
				GCC_WARN_UNUSED_FUNCTION = YES;
				GCC_WARN_UNUSED_VARIABLE = YES;
				IPHONEOS_DEPLOYMENT_TARGET = 14.5;
				MTL_ENABLE_DEBUG_INFO = NO;
				MTL_FAST_MATH = YES;
				SDKROOT = iphoneos;
				SWIFT_COMPILATION_MODE = wholemodule;
				SWIFT_OPTIMIZATION_LEVEL = "-O";
				VALIDATE_PRODUCT = YES;
			};
			name = Release;
		};
		14B1C6A726C3A0390080139E /* Debug */ = {
			isa = XCBuildConfiguration;
			baseConfigurationReference = 47238BB355D683D83AA1F42C /* Pods-Connect.debug.xcconfig */;
			buildSettings = {
				ASSETCATALOG_COMPILER_APPICON_NAME = AppIcon;
				ASSETCATALOG_COMPILER_GLOBAL_ACCENT_COLOR_NAME = AccentColor;
				CODE_SIGN_STYLE = Automatic;
				DEVELOPMENT_ASSET_PATHS = "\"Connect/Preview Content\"";
				DEVELOPMENT_TEAM = BS4R9ZW87K;
				ENABLE_PREVIEWS = YES;
				INFOPLIST_FILE = Connect/Info.plist;
				IPHONEOS_DEPLOYMENT_TARGET = 14.0;
				LD_RUNPATH_SEARCH_PATHS = (
					"$(inherited)",
					"@executable_path/Frameworks",
				);
				PRODUCT_BUNDLE_IDENTIFIER = com.imran..Connect;
				PRODUCT_NAME = "$(TARGET_NAME)";
				SWIFT_VERSION = 5.0;
				TARGETED_DEVICE_FAMILY = "1,2";
			};
			name = Debug;
		};
		14B1C6A826C3A0390080139E /* Release */ = {
			isa = XCBuildConfiguration;
			baseConfigurationReference = 1F7F8DFD7F24FC184B6FD6D1 /* Pods-Connect.release.xcconfig */;
			buildSettings = {
				ASSETCATALOG_COMPILER_APPICON_NAME = AppIcon;
				ASSETCATALOG_COMPILER_GLOBAL_ACCENT_COLOR_NAME = AccentColor;
				CODE_SIGN_STYLE = Automatic;
				DEVELOPMENT_ASSET_PATHS = "\"Connect/Preview Content\"";
				DEVELOPMENT_TEAM = BS4R9ZW87K;
				ENABLE_PREVIEWS = YES;
				INFOPLIST_FILE = Connect/Info.plist;
				IPHONEOS_DEPLOYMENT_TARGET = 14.0;
				LD_RUNPATH_SEARCH_PATHS = (
					"$(inherited)",
					"@executable_path/Frameworks",
				);
				PRODUCT_BUNDLE_IDENTIFIER = com.imran..Connect;
				PRODUCT_NAME = "$(TARGET_NAME)";
				SWIFT_VERSION = 5.0;
				TARGETED_DEVICE_FAMILY = "1,2";
			};
			name = Release;
		};
		14B1C6AA26C3A0390080139E /* Debug */ = {
			isa = XCBuildConfiguration;
			baseConfigurationReference = 8E685C40A4A6101B77D92A77 /* Pods-ConnectTests.debug.xcconfig */;
			buildSettings = {
				ALWAYS_EMBED_SWIFT_STANDARD_LIBRARIES = YES;
				BUNDLE_LOADER = "$(TEST_HOST)";
				CODE_SIGN_STYLE = Automatic;
				DEVELOPMENT_TEAM = BS4R9ZW87K;
				INFOPLIST_FILE = ConnectTests/Info.plist;
				IPHONEOS_DEPLOYMENT_TARGET = 14.0;
				LD_RUNPATH_SEARCH_PATHS = (
					"$(inherited)",
					"@executable_path/Frameworks",
					"@loader_path/Frameworks",
				);
				PRODUCT_BUNDLE_IDENTIFIER = com.imran..ConnectTests;
				PRODUCT_NAME = "$(TARGET_NAME)";
				SWIFT_VERSION = 5.0;
				TARGETED_DEVICE_FAMILY = "1,2";
				TEST_HOST = "$(BUILT_PRODUCTS_DIR)/Connect.app/Connect";
			};
			name = Debug;
		};
		14B1C6AB26C3A0390080139E /* Release */ = {
			isa = XCBuildConfiguration;
			baseConfigurationReference = 42ECE6F8A8E33B3C58CC1810 /* Pods-ConnectTests.release.xcconfig */;
			buildSettings = {
				ALWAYS_EMBED_SWIFT_STANDARD_LIBRARIES = YES;
				BUNDLE_LOADER = "$(TEST_HOST)";
				CODE_SIGN_STYLE = Automatic;
				DEVELOPMENT_TEAM = BS4R9ZW87K;
				INFOPLIST_FILE = ConnectTests/Info.plist;
				IPHONEOS_DEPLOYMENT_TARGET = 14.0;
				LD_RUNPATH_SEARCH_PATHS = (
					"$(inherited)",
					"@executable_path/Frameworks",
					"@loader_path/Frameworks",
				);
				PRODUCT_BUNDLE_IDENTIFIER = com.imran..ConnectTests;
				PRODUCT_NAME = "$(TARGET_NAME)";
				SWIFT_VERSION = 5.0;
				TARGETED_DEVICE_FAMILY = "1,2";
				TEST_HOST = "$(BUILT_PRODUCTS_DIR)/Connect.app/Connect";
			};
			name = Release;
		};
		14B1C6AD26C3A0390080139E /* Debug */ = {
			isa = XCBuildConfiguration;
			baseConfigurationReference = 5CF674DD6EB5B24AD0421EA9 /* Pods-Connect-ConnectUITests.debug.xcconfig */;
			buildSettings = {
				ALWAYS_EMBED_SWIFT_STANDARD_LIBRARIES = YES;
				CODE_SIGN_STYLE = Automatic;
				DEVELOPMENT_TEAM = BS4R9ZW87K;
				INFOPLIST_FILE = ConnectUITests/Info.plist;
				LD_RUNPATH_SEARCH_PATHS = (
					"$(inherited)",
					"@executable_path/Frameworks",
					"@loader_path/Frameworks",
				);
				PRODUCT_BUNDLE_IDENTIFIER = com.imran..ConnectUITests;
				PRODUCT_NAME = "$(TARGET_NAME)";
				SWIFT_VERSION = 5.0;
				TARGETED_DEVICE_FAMILY = "1,2";
				TEST_TARGET_NAME = Connect;
			};
			name = Debug;
		};
		14B1C6AE26C3A0390080139E /* Release */ = {
			isa = XCBuildConfiguration;
			baseConfigurationReference = E8A02E31ACF0D86AE9D20696 /* Pods-Connect-ConnectUITests.release.xcconfig */;
			buildSettings = {
				ALWAYS_EMBED_SWIFT_STANDARD_LIBRARIES = YES;
				CODE_SIGN_STYLE = Automatic;
				DEVELOPMENT_TEAM = BS4R9ZW87K;
				INFOPLIST_FILE = ConnectUITests/Info.plist;
				LD_RUNPATH_SEARCH_PATHS = (
					"$(inherited)",
					"@executable_path/Frameworks",
					"@loader_path/Frameworks",
				);
				PRODUCT_BUNDLE_IDENTIFIER = com.imran..ConnectUITests;
				PRODUCT_NAME = "$(TARGET_NAME)";
				SWIFT_VERSION = 5.0;
				TARGETED_DEVICE_FAMILY = "1,2";
				TEST_TARGET_NAME = Connect;
			};
			name = Release;
		};
/* End XCBuildConfiguration section */

/* Begin XCConfigurationList section */
		14B1C67C26C3A0370080139E /* Build configuration list for PBXProject "Connect" */ = {
			isa = XCConfigurationList;
			buildConfigurations = (
				14B1C6A426C3A0390080139E /* Debug */,
				14B1C6A526C3A0390080139E /* Release */,
			);
			defaultConfigurationIsVisible = 0;
			defaultConfigurationName = Release;
		};
		14B1C6A626C3A0390080139E /* Build configuration list for PBXNativeTarget "Connect" */ = {
			isa = XCConfigurationList;
			buildConfigurations = (
				14B1C6A726C3A0390080139E /* Debug */,
				14B1C6A826C3A0390080139E /* Release */,
			);
			defaultConfigurationIsVisible = 0;
			defaultConfigurationName = Release;
		};
		14B1C6A926C3A0390080139E /* Build configuration list for PBXNativeTarget "ConnectTests" */ = {
			isa = XCConfigurationList;
			buildConfigurations = (
				14B1C6AA26C3A0390080139E /* Debug */,
				14B1C6AB26C3A0390080139E /* Release */,
			);
			defaultConfigurationIsVisible = 0;
			defaultConfigurationName = Release;
		};
		14B1C6AC26C3A0390080139E /* Build configuration list for PBXNativeTarget "ConnectUITests" */ = {
			isa = XCConfigurationList;
			buildConfigurations = (
				14B1C6AD26C3A0390080139E /* Debug */,
				14B1C6AE26C3A0390080139E /* Release */,
			);
			defaultConfigurationIsVisible = 0;
			defaultConfigurationName = Release;
		};
/* End XCConfigurationList section */
	};
	rootObject = 14B1C67926C3A0370080139E /* Project object */;
}
