// !$*UTF8*$!
{
	archiveVersion = 1;
	classes = {
	};
	objectVersion = 50;
	objects = {

/* Begin PBXBuildFile section */
		14B1C68526C3A0370080139E /* ConnectApp.swift in Sources */ = {isa = PBXBuildFile; fileRef = 14B1C68426C3A0370080139E /* ConnectApp.swift */; };
		14B1C68726C3A0370080139E /* ContentView.swift in Sources */ = {isa = PBXBuildFile; fileRef = 14B1C68626C3A0370080139E /* ContentView.swift */; };
		14B1C68926C3A0390080139E /* Assets.xcassets in Resources */ = {isa = PBXBuildFile; fileRef = 14B1C68826C3A0390080139E /* Assets.xcassets */; };
		14B1C68C26C3A0390080139E /* Preview Assets.xcassets in Resources */ = {isa = PBXBuildFile; fileRef = 14B1C68B26C3A0390080139E /* Preview Assets.xcassets */; };
		14B1C69726C3A0390080139E /* ConnectTests.swift in Sources */ = {isa = PBXBuildFile; fileRef = 14B1C69626C3A0390080139E /* ConnectTests.swift */; };
		14B1C6A226C3A0390080139E /* ConnectUITests.swift in Sources */ = {isa = PBXBuildFile; fileRef = 14B1C6A126C3A0390080139E /* ConnectUITests.swift */; };
		14B1C6B026C3A08D0080139E /* WelcomePage.swift in Sources */ = {isa = PBXBuildFile; fileRef = 14B1C6AF26C3A08D0080139E /* WelcomePage.swift */; };
		14B1C6B326C3A2810080139E /* Styler.swift in Sources */ = {isa = PBXBuildFile; fileRef = 14B1C6B226C3A2810080139E /* Styler.swift */; };
/* End PBXBuildFile section */

/* Begin PBXContainerItemProxy section */
		14B1C69326C3A0390080139E /* PBXContainerItemProxy */ = {
			isa = PBXContainerItemProxy;
			containerPortal = 14B1C67926C3A0370080139E /* Project object */;
			proxyType = 1;
			remoteGlobalIDString = 14B1C68026C3A0370080139E;
			remoteInfo = Connect;
		};
		14B1C69E26C3A0390080139E /* PBXContainerItemProxy */ = {
			isa = PBXContainerItemProxy;
			containerPortal = 14B1C67926C3A0370080139E /* Project object */;
			proxyType = 1;
			remoteGlobalIDString = 14B1C68026C3A0370080139E;
			remoteInfo = Connect;
		};
/* End PBXContainerItemProxy section */

/* Begin PBXFileReference section */
		14B1C68126C3A0370080139E /* Connect.app */ = {isa = PBXFileReference; explicitFileType = wrapper.application; includeInIndex = 0; path = Connect.app; sourceTree = BUILT_PRODUCTS_DIR; };
		14B1C68426C3A0370080139E /* ConnectApp.swift */ = {isa = PBXFileReference; lastKnownFileType = sourcecode.swift; path = ConnectApp.swift; sourceTree = "<group>"; };
		14B1C68626C3A0370080139E /* ContentView.swift */ = {isa = PBXFileReference; lastKnownFileType = sourcecode.swift; path = ContentView.swift; sourceTree = "<group>"; };
		14B1C68826C3A0390080139E /* Assets.xcassets */ = {isa = PBXFileReference; lastKnownFileType = folder.assetcatalog; path = Assets.xcassets; sourceTree = "<group>"; };
		14B1C68B26C3A0390080139E /* Preview Assets.xcassets */ = {isa = PBXFileReference; lastKnownFileType = folder.assetcatalog; path = "Preview Assets.xcassets"; sourceTree = "<group>"; };
		14B1C68D26C3A0390080139E /* Info.plist */ = {isa = PBXFileReference; lastKnownFileType = text.plist.xml; path = Info.plist; sourceTree = "<group>"; };
		14B1C69226C3A0390080139E /* ConnectTests.xctest */ = {isa = PBXFileReference; explicitFileType = wrapper.cfbundle; includeInIndex = 0; path = ConnectTests.xctest; sourceTree = BUILT_PRODUCTS_DIR; };
		14B1C69626C3A0390080139E /* ConnectTests.swift */ = {isa = PBXFileReference; lastKnownFileType = sourcecode.swift; path = ConnectTests.swift; sourceTree = "<group>"; };
		14B1C69826C3A0390080139E /* Info.plist */ = {isa = PBXFileReference; lastKnownFileType = text.plist.xml; path = Info.plist; sourceTree = "<group>"; };
		14B1C69D26C3A0390080139E /* ConnectUITests.xctest */ = {isa = PBXFileReference; explicitFileType = wrapper.cfbundle; includeInIndex = 0; path = ConnectUITests.xctest; sourceTree = BUILT_PRODUCTS_DIR; };
		14B1C6A126C3A0390080139E /* ConnectUITests.swift */ = {isa = PBXFileReference; lastKnownFileType = sourcecode.swift; path = ConnectUITests.swift; sourceTree = "<group>"; };
		14B1C6A326C3A0390080139E /* Info.plist */ = {isa = PBXFileReference; lastKnownFileType = text.plist.xml; path = Info.plist; sourceTree = "<group>"; };
		14B1C6AF26C3A08D0080139E /* WelcomePage.swift */ = {isa = PBXFileReference; lastKnownFileType = sourcecode.swift; path = WelcomePage.swift; sourceTree = "<group>"; };
		14B1C6B226C3A2810080139E /* Styler.swift */ = {isa = PBXFileReference; lastKnownFileType = sourcecode.swift; path = Styler.swift; sourceTree = "<group>"; };
		14B1C6B626C3A57E0080139E /* SFProDisplay-Regular.ttf */ = {isa = PBXFileReference; lastKnownFileType = file; path = "SFProDisplay-Regular.ttf"; sourceTree = "<group>"; };
		14B1C6B726C3A57E0080139E /* SFProDisplay-Semibold.ttf */ = {isa = PBXFileReference; lastKnownFileType = file; path = "SFProDisplay-Semibold.ttf"; sourceTree = "<group>"; };
		14B1C6B826C3A57E0080139E /* SFProDisplay-Ultralight.ttf */ = {isa = PBXFileReference; lastKnownFileType = file; path = "SFProDisplay-Ultralight.ttf"; sourceTree = "<group>"; };
		14B1C6B926C3A57E0080139E /* SFProDisplay-Thin.ttf */ = {isa = PBXFileReference; lastKnownFileType = file; path = "SFProDisplay-Thin.ttf"; sourceTree = "<group>"; };
/* End PBXFileReference section */

/* Begin PBXFrameworksBuildPhase section */
		14B1C67E26C3A0370080139E /* Frameworks */ = {
			isa = PBXFrameworksBuildPhase;
			buildActionMask = 2147483647;
			files = (
			);
			runOnlyForDeploymentPostprocessing = 0;
		};
		14B1C68F26C3A0390080139E /* Frameworks */ = {
			isa = PBXFrameworksBuildPhase;
			buildActionMask = 2147483647;
			files = (
			);
			runOnlyForDeploymentPostprocessing = 0;
		};
		14B1C69A26C3A0390080139E /* Frameworks */ = {
			isa = PBXFrameworksBuildPhase;
			buildActionMask = 2147483647;
			files = (
			);
			runOnlyForDeploymentPostprocessing = 0;
		};
/* End PBXFrameworksBuildPhase section */

/* Begin PBXGroup section */
		14B1C67826C3A0370080139E = {
			isa = PBXGroup;
			children = (
				14B1C68326C3A0370080139E /* Connect */,
				14B1C69526C3A0390080139E /* ConnectTests */,
				14B1C6A026C3A0390080139E /* ConnectUITests */,
				14B1C68226C3A0370080139E /* Products */,
			);
			sourceTree = "<group>";
		};
		14B1C68226C3A0370080139E /* Products */ = {
			isa = PBXGroup;
			children = (
				14B1C68126C3A0370080139E /* Connect.app */,
				14B1C69226C3A0390080139E /* ConnectTests.xctest */,
				14B1C69D26C3A0390080139E /* ConnectUITests.xctest */,
			);
			name = Products;
			sourceTree = "<group>";
		};
		14B1C68326C3A0370080139E /* Connect */ = {
			isa = PBXGroup;
			children = (
				14B1C6B426C3A53E0080139E /* Resources */,
				14B1C6B126C3A2690080139E /* Utils */,
				14B1C68426C3A0370080139E /* ConnectApp.swift */,
				14B1C68626C3A0370080139E /* ContentView.swift */,
				14B1C6AF26C3A08D0080139E /* WelcomePage.swift */,
				14B1C68826C3A0390080139E /* Assets.xcassets */,
				14B1C68D26C3A0390080139E /* Info.plist */,
				14B1C68A26C3A0390080139E /* Preview Content */,
			);
			path = Connect;
			sourceTree = "<group>";
		};
		14B1C68A26C3A0390080139E /* Preview Content */ = {
			isa = PBXGroup;
			children = (
				14B1C68B26C3A0390080139E /* Preview Assets.xcassets */,
			);
			path = "Preview Content";
			sourceTree = "<group>";
		};
		14B1C69526C3A0390080139E /* ConnectTests */ = {
			isa = PBXGroup;
			children = (
				14B1C69626C3A0390080139E /* ConnectTests.swift */,
				14B1C69826C3A0390080139E /* Info.plist */,
			);
			path = ConnectTests;
			sourceTree = "<group>";
		};
		14B1C6A026C3A0390080139E /* ConnectUITests */ = {
			isa = PBXGroup;
			children = (
				14B1C6A126C3A0390080139E /* ConnectUITests.swift */,
				14B1C6A326C3A0390080139E /* Info.plist */,
			);
			path = ConnectUITests;
			sourceTree = "<group>";
		};
		14B1C6B126C3A2690080139E /* Utils */ = {
			isa = PBXGroup;
			children = (
				14B1C6B226C3A2810080139E /* Styler.swift */,
			);
			path = Utils;
			sourceTree = "<group>";
		};
		14B1C6B426C3A53E0080139E /* Resources */ = {
			isa = PBXGroup;
			children = (
				14B1C6B526C3A5460080139E /* Fonts */,
			);
			path = Resources;
			sourceTree = "<group>";
		};
		14B1C6B526C3A5460080139E /* Fonts */ = {
			isa = PBXGroup;
			children = (
				14B1C6B626C3A57E0080139E /* SFProDisplay-Regular.ttf */,
				14B1C6B726C3A57E0080139E /* SFProDisplay-Semibold.ttf */,
				14B1C6B926C3A57E0080139E /* SFProDisplay-Thin.ttf */,
				14B1C6B826C3A57E0080139E /* SFProDisplay-Ultralight.ttf */,
			);
			path = Fonts;
			sourceTree = "<group>";
		};
/* End PBXGroup section */

/* Begin PBXNativeTarget section */
		14B1C68026C3A0370080139E /* Connect */ = {
			isa = PBXNativeTarget;
			buildConfigurationList = 14B1C6A626C3A0390080139E /* Build configuration list for PBXNativeTarget "Connect" */;
			buildPhases = (
				14B1C67D26C3A0370080139E /* Sources */,
				14B1C67E26C3A0370080139E /* Frameworks */,
				14B1C67F26C3A0370080139E /* Resources */,
			);
			buildRules = (
			);
			dependencies = (
			);
			name = Connect;
			productName = Connect;
			productReference = 14B1C68126C3A0370080139E /* Connect.app */;
			productType = "com.apple.product-type.application";
		};
		14B1C69126C3A0390080139E /* ConnectTests */ = {
			isa = PBXNativeTarget;
			buildConfigurationList = 14B1C6A926C3A0390080139E /* Build configuration list for PBXNativeTarget "ConnectTests" */;
			buildPhases = (
				14B1C68E26C3A0390080139E /* Sources */,
				14B1C68F26C3A0390080139E /* Frameworks */,
				14B1C69026C3A0390080139E /* Resources */,
			);
			buildRules = (
			);
			dependencies = (
				14B1C69426C3A0390080139E /* PBXTargetDependency */,
			);
			name = ConnectTests;
			productName = ConnectTests;
			productReference = 14B1C69226C3A0390080139E /* ConnectTests.xctest */;
			productType = "com.apple.product-type.bundle.unit-test";
		};
		14B1C69C26C3A0390080139E /* ConnectUITests */ = {
			isa = PBXNativeTarget;
			buildConfigurationList = 14B1C6AC26C3A0390080139E /* Build configuration list for PBXNativeTarget "ConnectUITests" */;
			buildPhases = (
				14B1C69926C3A0390080139E /* Sources */,
				14B1C69A26C3A0390080139E /* Frameworks */,
				14B1C69B26C3A0390080139E /* Resources */,
			);
			buildRules = (
			);
			dependencies = (
				14B1C69F26C3A0390080139E /* PBXTargetDependency */,
			);
			name = ConnectUITests;
			productName = ConnectUITests;
			productReference = 14B1C69D26C3A0390080139E /* ConnectUITests.xctest */;
			productType = "com.apple.product-type.bundle.ui-testing";
		};
/* End PBXNativeTarget section */

/* Begin PBXProject section */
		14B1C67926C3A0370080139E /* Project object */ = {
			isa = PBXProject;
			attributes = {
				LastSwiftUpdateCheck = 1250;
				LastUpgradeCheck = 1250;
				TargetAttributes = {
					14B1C68026C3A0370080139E = {
						CreatedOnToolsVersion = 12.5.1;
					};
					14B1C69126C3A0390080139E = {
						CreatedOnToolsVersion = 12.5.1;
						TestTargetID = 14B1C68026C3A0370080139E;
					};
					14B1C69C26C3A0390080139E = {
						CreatedOnToolsVersion = 12.5.1;
						TestTargetID = 14B1C68026C3A0370080139E;
					};
				};
			};
			buildConfigurationList = 14B1C67C26C3A0370080139E /* Build configuration list for PBXProject "Connect" */;
			compatibilityVersion = "Xcode 9.3";
			developmentRegion = en;
			hasScannedForEncodings = 0;
			knownRegions = (
				en,
				Base,
			);
			mainGroup = 14B1C67826C3A0370080139E;
			productRefGroup = 14B1C68226C3A0370080139E /* Products */;
			projectDirPath = "";
			projectRoot = "";
			targets = (
				14B1C68026C3A0370080139E /* Connect */,
				14B1C69126C3A0390080139E /* ConnectTests */,
				14B1C69C26C3A0390080139E /* ConnectUITests */,
			);
		};
/* End PBXProject section */

/* Begin PBXResourcesBuildPhase section */
		14B1C67F26C3A0370080139E /* Resources */ = {
			isa = PBXResourcesBuildPhase;
			buildActionMask = 2147483647;
			files = (
				14B1C68C26C3A0390080139E /* Preview Assets.xcassets in Resources */,
				14B1C68926C3A0390080139E /* Assets.xcassets in Resources */,
			);
			runOnlyForDeploymentPostprocessing = 0;
		};
		14B1C69026C3A0390080139E /* Resources */ = {
			isa = PBXResourcesBuildPhase;
			buildActionMask = 2147483647;
			files = (
			);
			runOnlyForDeploymentPostprocessing = 0;
		};
		14B1C69B26C3A0390080139E /* Resources */ = {
			isa = PBXResourcesBuildPhase;
			buildActionMask = 2147483647;
			files = (
			);
			runOnlyForDeploymentPostprocessing = 0;
		};
/* End PBXResourcesBuildPhase section */

/* Begin PBXSourcesBuildPhase section */
		14B1C67D26C3A0370080139E /* Sources */ = {
			isa = PBXSourcesBuildPhase;
			buildActionMask = 2147483647;
			files = (
				14B1C6B026C3A08D0080139E /* WelcomePage.swift in Sources */,
				14B1C68726C3A0370080139E /* ContentView.swift in Sources */,
				14B1C6B326C3A2810080139E /* Styler.swift in Sources */,
				14B1C68526C3A0370080139E /* ConnectApp.swift in Sources */,
			);
			runOnlyForDeploymentPostprocessing = 0;
		};
		14B1C68E26C3A0390080139E /* Sources */ = {
			isa = PBXSourcesBuildPhase;
			buildActionMask = 2147483647;
			files = (
				14B1C69726C3A0390080139E /* ConnectTests.swift in Sources */,
			);
			runOnlyForDeploymentPostprocessing = 0;
		};
		14B1C69926C3A0390080139E /* Sources */ = {
			isa = PBXSourcesBuildPhase;
			buildActionMask = 2147483647;
			files = (
				14B1C6A226C3A0390080139E /* ConnectUITests.swift in Sources */,
			);
			runOnlyForDeploymentPostprocessing = 0;
		};
/* End PBXSourcesBuildPhase section */

/* Begin PBXTargetDependency section */
		14B1C69426C3A0390080139E /* PBXTargetDependency */ = {
			isa = PBXTargetDependency;
			target = 14B1C68026C3A0370080139E /* Connect */;
			targetProxy = 14B1C69326C3A0390080139E /* PBXContainerItemProxy */;
		};
		14B1C69F26C3A0390080139E /* PBXTargetDependency */ = {
			isa = PBXTargetDependency;
			target = 14B1C68026C3A0370080139E /* Connect */;
			targetProxy = 14B1C69E26C3A0390080139E /* PBXContainerItemProxy */;
		};
/* End PBXTargetDependency section */

/* Begin XCBuildConfiguration section */
		14B1C6A426C3A0390080139E /* Debug */ = {
			isa = XCBuildConfiguration;
			buildSettings = {
				ALWAYS_SEARCH_USER_PATHS = NO;
				CLANG_ANALYZER_NONNULL = YES;
				CLANG_ANALYZER_NUMBER_OBJECT_CONVERSION = YES_AGGRESSIVE;
				CLANG_CXX_LANGUAGE_STANDARD = "gnu++14";
				CLANG_CXX_LIBRARY = "libc++";
				CLANG_ENABLE_MODULES = YES;
				CLANG_ENABLE_OBJC_ARC = YES;
				CLANG_ENABLE_OBJC_WEAK = YES;
				CLANG_WARN_BLOCK_CAPTURE_AUTORELEASING = YES;
				CLANG_WARN_BOOL_CONVERSION = YES;
				CLANG_WARN_COMMA = YES;
				CLANG_WARN_CONSTANT_CONVERSION = YES;
				CLANG_WARN_DEPRECATED_OBJC_IMPLEMENTATIONS = YES;
				CLANG_WARN_DIRECT_OBJC_ISA_USAGE = YES_ERROR;
				CLANG_WARN_DOCUMENTATION_COMMENTS = YES;
				CLANG_WARN_EMPTY_BODY = YES;
				CLANG_WARN_ENUM_CONVERSION = YES;
				CLANG_WARN_INFINITE_RECURSION = YES;
				CLANG_WARN_INT_CONVERSION = YES;
				CLANG_WARN_NON_LITERAL_NULL_CONVERSION = YES;
				CLANG_WARN_OBJC_IMPLICIT_RETAIN_SELF = YES;
				CLANG_WARN_OBJC_LITERAL_CONVERSION = YES;
				CLANG_WARN_OBJC_ROOT_CLASS = YES_ERROR;
				CLANG_WARN_QUOTED_INCLUDE_IN_FRAMEWORK_HEADER = YES;
				CLANG_WARN_RANGE_LOOP_ANALYSIS = YES;
				CLANG_WARN_STRICT_PROTOTYPES = YES;
				CLANG_WARN_SUSPICIOUS_MOVE = YES;
				CLANG_WARN_UNGUARDED_AVAILABILITY = YES_AGGRESSIVE;
				CLANG_WARN_UNREACHABLE_CODE = YES;
				CLANG_WARN__DUPLICATE_METHOD_MATCH = YES;
				COPY_PHASE_STRIP = NO;
				DEBUG_INFORMATION_FORMAT = dwarf;
				ENABLE_STRICT_OBJC_MSGSEND = YES;
				ENABLE_TESTABILITY = YES;
				GCC_C_LANGUAGE_STANDARD = gnu11;
				GCC_DYNAMIC_NO_PIC = NO;
				GCC_NO_COMMON_BLOCKS = YES;
				GCC_OPTIMIZATION_LEVEL = 0;
				GCC_PREPROCESSOR_DEFINITIONS = (
					"DEBUG=1",
					"$(inherited)",
				);
				GCC_WARN_64_TO_32_BIT_CONVERSION = YES;
				GCC_WARN_ABOUT_RETURN_TYPE = YES_ERROR;
				GCC_WARN_UNDECLARED_SELECTOR = YES;
				GCC_WARN_UNINITIALIZED_AUTOS = YES_AGGRESSIVE;
				GCC_WARN_UNUSED_FUNCTION = YES;
				GCC_WARN_UNUSED_VARIABLE = YES;
				IPHONEOS_DEPLOYMENT_TARGET = 14.5;
				MTL_ENABLE_DEBUG_INFO = INCLUDE_SOURCE;
				MTL_FAST_MATH = YES;
				ONLY_ACTIVE_ARCH = YES;
				SDKROOT = iphoneos;
				SWIFT_ACTIVE_COMPILATION_CONDITIONS = DEBUG;
				SWIFT_OPTIMIZATION_LEVEL = "-Onone";
			};
			name = Debug;
		};
		14B1C6A526C3A0390080139E /* Release */ = {
			isa = XCBuildConfiguration;
			buildSettings = {
				ALWAYS_SEARCH_USER_PATHS = NO;
				CLANG_ANALYZER_NONNULL = YES;
				CLANG_ANALYZER_NUMBER_OBJECT_CONVERSION = YES_AGGRESSIVE;
				CLANG_CXX_LANGUAGE_STANDARD = "gnu++14";
				CLANG_CXX_LIBRARY = "libc++";
				CLANG_ENABLE_MODULES = YES;
				CLANG_ENABLE_OBJC_ARC = YES;
				CLANG_ENABLE_OBJC_WEAK = YES;
				CLANG_WARN_BLOCK_CAPTURE_AUTORELEASING = YES;
				CLANG_WARN_BOOL_CONVERSION = YES;
				CLANG_WARN_COMMA = YES;
				CLANG_WARN_CONSTANT_CONVERSION = YES;
				CLANG_WARN_DEPRECATED_OBJC_IMPLEMENTATIONS = YES;
				CLANG_WARN_DIRECT_OBJC_ISA_USAGE = YES_ERROR;
				CLANG_WARN_DOCUMENTATION_COMMENTS = YES;
				CLANG_WARN_EMPTY_BODY = YES;
				CLANG_WARN_ENUM_CONVERSION = YES;
				CLANG_WARN_INFINITE_RECURSION = YES;
				CLANG_WARN_INT_CONVERSION = YES;
				CLANG_WARN_NON_LITERAL_NULL_CONVERSION = YES;
				CLANG_WARN_OBJC_IMPLICIT_RETAIN_SELF = YES;
				CLANG_WARN_OBJC_LITERAL_CONVERSION = YES;
				CLANG_WARN_OBJC_ROOT_CLASS = YES_ERROR;
				CLANG_WARN_QUOTED_INCLUDE_IN_FRAMEWORK_HEADER = YES;
				CLANG_WARN_RANGE_LOOP_ANALYSIS = YES;
				CLANG_WARN_STRICT_PROTOTYPES = YES;
				CLANG_WARN_SUSPICIOUS_MOVE = YES;
				CLANG_WARN_UNGUARDED_AVAILABILITY = YES_AGGRESSIVE;
				CLANG_WARN_UNREACHABLE_CODE = YES;
				CLANG_WARN__DUPLICATE_METHOD_MATCH = YES;
				COPY_PHASE_STRIP = NO;
				DEBUG_INFORMATION_FORMAT = "dwarf-with-dsym";
				ENABLE_NS_ASSERTIONS = NO;
				ENABLE_STRICT_OBJC_MSGSEND = YES;
				GCC_C_LANGUAGE_STANDARD = gnu11;
				GCC_NO_COMMON_BLOCKS = YES;
				GCC_WARN_64_TO_32_BIT_CONVERSION = YES;
				GCC_WARN_ABOUT_RETURN_TYPE = YES_ERROR;
				GCC_WARN_UNDECLARED_SELECTOR = YES;
				GCC_WARN_UNINITIALIZED_AUTOS = YES_AGGRESSIVE;
				GCC_WARN_UNUSED_FUNCTION = YES;
				GCC_WARN_UNUSED_VARIABLE = YES;
				IPHONEOS_DEPLOYMENT_TARGET = 14.5;
				MTL_ENABLE_DEBUG_INFO = NO;
				MTL_FAST_MATH = YES;
				SDKROOT = iphoneos;
				SWIFT_COMPILATION_MODE = wholemodule;
				SWIFT_OPTIMIZATION_LEVEL = "-O";
				VALIDATE_PRODUCT = YES;
			};
			name = Release;
		};
		14B1C6A726C3A0390080139E /* Debug */ = {
			isa = XCBuildConfiguration;
			buildSettings = {
				ASSETCATALOG_COMPILER_APPICON_NAME = AppIcon;
				ASSETCATALOG_COMPILER_GLOBAL_ACCENT_COLOR_NAME = AccentColor;
				CODE_SIGN_STYLE = Automatic;
				DEVELOPMENT_ASSET_PATHS = "\"Connect/Preview Content\"";
				DEVELOPMENT_TEAM = BS4R9ZW87K;
				ENABLE_PREVIEWS = YES;
				INFOPLIST_FILE = Connect/Info.plist;
				IPHONEOS_DEPLOYMENT_TARGET = 14.0;
				LD_RUNPATH_SEARCH_PATHS = (
					"$(inherited)",
					"@executable_path/Frameworks",
				);
				PRODUCT_BUNDLE_IDENTIFIER = com.imran..Connect;
				PRODUCT_NAME = "$(TARGET_NAME)";
				SWIFT_VERSION = 5.0;
				TARGETED_DEVICE_FAMILY = "1,2";
			};
			name = Debug;
		};
		14B1C6A826C3A0390080139E /* Release */ = {
			isa = XCBuildConfiguration;
			buildSettings = {
				ASSETCATALOG_COMPILER_APPICON_NAME = AppIcon;
				ASSETCATALOG_COMPILER_GLOBAL_ACCENT_COLOR_NAME = AccentColor;
				CODE_SIGN_STYLE = Automatic;
				DEVELOPMENT_ASSET_PATHS = "\"Connect/Preview Content\"";
				DEVELOPMENT_TEAM = BS4R9ZW87K;
				ENABLE_PREVIEWS = YES;
				INFOPLIST_FILE = Connect/Info.plist;
				IPHONEOS_DEPLOYMENT_TARGET = 14.0;
				LD_RUNPATH_SEARCH_PATHS = (
					"$(inherited)",
					"@executable_path/Frameworks",
				);
				PRODUCT_BUNDLE_IDENTIFIER = com.imran..Connect;
				PRODUCT_NAME = "$(TARGET_NAME)";
				SWIFT_VERSION = 5.0;
				TARGETED_DEVICE_FAMILY = "1,2";
			};
			name = Release;
		};
		14B1C6AA26C3A0390080139E /* Debug */ = {
			isa = XCBuildConfiguration;
			buildSettings = {
				ALWAYS_EMBED_SWIFT_STANDARD_LIBRARIES = YES;
				BUNDLE_LOADER = "$(TEST_HOST)";
				CODE_SIGN_STYLE = Automatic;
				DEVELOPMENT_TEAM = BS4R9ZW87K;
				INFOPLIST_FILE = ConnectTests/Info.plist;
				IPHONEOS_DEPLOYMENT_TARGET = 14.0;
				LD_RUNPATH_SEARCH_PATHS = (
					"$(inherited)",
					"@executable_path/Frameworks",
					"@loader_path/Frameworks",
				);
				PRODUCT_BUNDLE_IDENTIFIER = com.imran..ConnectTests;
				PRODUCT_NAME = "$(TARGET_NAME)";
				SWIFT_VERSION = 5.0;
				TARGETED_DEVICE_FAMILY = "1,2";
				TEST_HOST = "$(BUILT_PRODUCTS_DIR)/Connect.app/Connect";
			};
			name = Debug;
		};
		14B1C6AB26C3A0390080139E /* Release */ = {
			isa = XCBuildConfiguration;
			buildSettings = {
				ALWAYS_EMBED_SWIFT_STANDARD_LIBRARIES = YES;
				BUNDLE_LOADER = "$(TEST_HOST)";
				CODE_SIGN_STYLE = Automatic;
				DEVELOPMENT_TEAM = BS4R9ZW87K;
				INFOPLIST_FILE = ConnectTests/Info.plist;
				IPHONEOS_DEPLOYMENT_TARGET = 14.0;
				LD_RUNPATH_SEARCH_PATHS = (
					"$(inherited)",
					"@executable_path/Frameworks",
					"@loader_path/Frameworks",
				);
				PRODUCT_BUNDLE_IDENTIFIER = com.imran..ConnectTests;
				PRODUCT_NAME = "$(TARGET_NAME)";
				SWIFT_VERSION = 5.0;
				TARGETED_DEVICE_FAMILY = "1,2";
				TEST_HOST = "$(BUILT_PRODUCTS_DIR)/Connect.app/Connect";
			};
			name = Release;
		};
		14B1C6AD26C3A0390080139E /* Debug */ = {
			isa = XCBuildConfiguration;
			buildSettings = {
				ALWAYS_EMBED_SWIFT_STANDARD_LIBRARIES = YES;
				CODE_SIGN_STYLE = Automatic;
				DEVELOPMENT_TEAM = BS4R9ZW87K;
				INFOPLIST_FILE = ConnectUITests/Info.plist;
				LD_RUNPATH_SEARCH_PATHS = (
					"$(inherited)",
					"@executable_path/Frameworks",
					"@loader_path/Frameworks",
				);
				PRODUCT_BUNDLE_IDENTIFIER = com.imran..ConnectUITests;
				PRODUCT_NAME = "$(TARGET_NAME)";
				SWIFT_VERSION = 5.0;
				TARGETED_DEVICE_FAMILY = "1,2";
				TEST_TARGET_NAME = Connect;
			};
			name = Debug;
		};
		14B1C6AE26C3A0390080139E /* Release */ = {
			isa = XCBuildConfiguration;
			buildSettings = {
				ALWAYS_EMBED_SWIFT_STANDARD_LIBRARIES = YES;
				CODE_SIGN_STYLE = Automatic;
				DEVELOPMENT_TEAM = BS4R9ZW87K;
				INFOPLIST_FILE = ConnectUITests/Info.plist;
				LD_RUNPATH_SEARCH_PATHS = (
					"$(inherited)",
					"@executable_path/Frameworks",
					"@loader_path/Frameworks",
				);
				PRODUCT_BUNDLE_IDENTIFIER = com.imran..ConnectUITests;
				PRODUCT_NAME = "$(TARGET_NAME)";
				SWIFT_VERSION = 5.0;
				TARGETED_DEVICE_FAMILY = "1,2";
				TEST_TARGET_NAME = Connect;
			};
			name = Release;
		};
/* End XCBuildConfiguration section */

/* Begin XCConfigurationList section */
		14B1C67C26C3A0370080139E /* Build configuration list for PBXProject "Connect" */ = {
			isa = XCConfigurationList;
			buildConfigurations = (
				14B1C6A426C3A0390080139E /* Debug */,
				14B1C6A526C3A0390080139E /* Release */,
			);
			defaultConfigurationIsVisible = 0;
			defaultConfigurationName = Release;
		};
		14B1C6A626C3A0390080139E /* Build configuration list for PBXNativeTarget "Connect" */ = {
			isa = XCConfigurationList;
			buildConfigurations = (
				14B1C6A726C3A0390080139E /* Debug */,
				14B1C6A826C3A0390080139E /* Release */,
			);
			defaultConfigurationIsVisible = 0;
			defaultConfigurationName = Release;
		};
		14B1C6A926C3A0390080139E /* Build configuration list for PBXNativeTarget "ConnectTests" */ = {
			isa = XCConfigurationList;
			buildConfigurations = (
				14B1C6AA26C3A0390080139E /* Debug */,
				14B1C6AB26C3A0390080139E /* Release */,
			);
			defaultConfigurationIsVisible = 0;
			defaultConfigurationName = Release;
		};
		14B1C6AC26C3A0390080139E /* Build configuration list for PBXNativeTarget "ConnectUITests" */ = {
			isa = XCConfigurationList;
			buildConfigurations = (
				14B1C6AD26C3A0390080139E /* Debug */,
				14B1C6AE26C3A0390080139E /* Release */,
			);
			defaultConfigurationIsVisible = 0;
			defaultConfigurationName = Release;
		};
/* End XCConfigurationList section */
	};
	rootObject = 14B1C67926C3A0370080139E /* Project object */;
}
